// !$*UTF8*$!
{
	archiveVersion = 1;
	classes = {
	};
	objectVersion = 46;
	objects = {

/* Begin PBXBuildFile section */
		CD8C6B5A2031D427008EB94B /* MonitoringViewController.m in Sources */ = {isa = PBXBuildFile; fileRef = CD8C6B592031D427008EB94B /* MonitoringViewController.m */; };
		CD8C6B5D2031D471008EB94B /* MainViewController.m in Sources */ = {isa = PBXBuildFile; fileRef = CD8C6B5C2031D471008EB94B /* MainViewController.m */; };
		D6A929021C6CBB2400B8355B /* main.m in Sources */ = {isa = PBXBuildFile; fileRef = D6A929011C6CBB2400B8355B /* main.m */; };
		D6A929051C6CBB2400B8355B /* AppDelegate.m in Sources */ = {isa = PBXBuildFile; fileRef = D6A929041C6CBB2400B8355B /* AppDelegate.m */; };
		D6A929081C6CBB2400B8355B /* MessagingViewController.m in Sources */ = {isa = PBXBuildFile; fileRef = D6A929071C6CBB2400B8355B /* MessagingViewController.m */; };
		D6A9290B1C6CBB2400B8355B /* Main.storyboard in Resources */ = {isa = PBXBuildFile; fileRef = D6A929091C6CBB2400B8355B /* Main.storyboard */; };
		D6A9290E1C6CBB2400B8355B /* SampleApp.xcdatamodeld in Sources */ = {isa = PBXBuildFile; fileRef = D6A9290C1C6CBB2400B8355B /* SampleApp.xcdatamodeld */; };
		D6A929101C6CBB2400B8355B /* Assets.xcassets in Resources */ = {isa = PBXBuildFile; fileRef = D6A9290F1C6CBB2400B8355B /* Assets.xcassets */; };
		D6A929131C6CBB2400B8355B /* LaunchScreen.storyboard in Resources */ = {isa = PBXBuildFile; fileRef = D6A929111C6CBB2400B8355B /* LaunchScreen.storyboard */; };
		D6CFBDC31C7CAEC5009B44A0 /* ConversationViewController.m in Sources */ = {isa = PBXBuildFile; fileRef = D6CFBDC21C7CAEC5009B44A0 /* ConversationViewController.m */; };
		F72979092257BCF1006716A5 /* UserNotifications.framework in Frameworks */ = {isa = PBXBuildFile; fileRef = F72979082257BCF1006716A5 /* UserNotifications.framework */; };
/* End PBXBuildFile section */

/* Begin PBXFileReference section */
		CD81FE4C1D939274008F26CE /* SampleApp.entitlements */ = {isa = PBXFileReference; lastKnownFileType = text.plist.entitlements; path = SampleApp.entitlements; sourceTree = "<group>"; };
		CD8C6B582031D427008EB94B /* MonitoringViewController.h */ = {isa = PBXFileReference; lastKnownFileType = sourcecode.c.h; path = MonitoringViewController.h; sourceTree = "<group>"; };
		CD8C6B592031D427008EB94B /* MonitoringViewController.m */ = {isa = PBXFileReference; lastKnownFileType = sourcecode.c.objc; path = MonitoringViewController.m; sourceTree = "<group>"; };
		CD8C6B5B2031D471008EB94B /* MainViewController.h */ = {isa = PBXFileReference; lastKnownFileType = sourcecode.c.h; path = MainViewController.h; sourceTree = "<group>"; };
		CD8C6B5C2031D471008EB94B /* MainViewController.m */ = {isa = PBXFileReference; lastKnownFileType = sourcecode.c.objc; path = MainViewController.m; sourceTree = "<group>"; };
		D6A928FD1C6CBB2400B8355B /* SampleApp.app */ = {isa = PBXFileReference; explicitFileType = wrapper.application; includeInIndex = 0; path = SampleApp.app; sourceTree = BUILT_PRODUCTS_DIR; };
		D6A929011C6CBB2400B8355B /* main.m */ = {isa = PBXFileReference; lastKnownFileType = sourcecode.c.objc; path = main.m; sourceTree = "<group>"; };
		D6A929031C6CBB2400B8355B /* AppDelegate.h */ = {isa = PBXFileReference; lastKnownFileType = sourcecode.c.h; path = AppDelegate.h; sourceTree = "<group>"; };
		D6A929041C6CBB2400B8355B /* AppDelegate.m */ = {isa = PBXFileReference; lastKnownFileType = sourcecode.c.objc; path = AppDelegate.m; sourceTree = "<group>"; };
		D6A929061C6CBB2400B8355B /* MessagingViewController.h */ = {isa = PBXFileReference; lastKnownFileType = sourcecode.c.h; path = MessagingViewController.h; sourceTree = "<group>"; };
		D6A929071C6CBB2400B8355B /* MessagingViewController.m */ = {isa = PBXFileReference; lastKnownFileType = sourcecode.c.objc; path = MessagingViewController.m; sourceTree = "<group>"; };
		D6A9290A1C6CBB2400B8355B /* Base */ = {isa = PBXFileReference; lastKnownFileType = file.storyboard; name = Base; path = Base.lproj/Main.storyboard; sourceTree = "<group>"; };
		D6A9290D1C6CBB2400B8355B /* SampleApp.xcdatamodel */ = {isa = PBXFileReference; lastKnownFileType = wrapper.xcdatamodel; path = SampleApp.xcdatamodel; sourceTree = "<group>"; };
		D6A9290F1C6CBB2400B8355B /* Assets.xcassets */ = {isa = PBXFileReference; lastKnownFileType = folder.assetcatalog; path = Assets.xcassets; sourceTree = "<group>"; };
		D6A929121C6CBB2400B8355B /* Base */ = {isa = PBXFileReference; lastKnownFileType = file.storyboard; name = Base; path = Base.lproj/LaunchScreen.storyboard; sourceTree = "<group>"; };
		D6A929141C6CBB2400B8355B /* Info.plist */ = {isa = PBXFileReference; lastKnownFileType = text.plist.xml; path = Info.plist; sourceTree = "<group>"; };
		D6CFBDC11C7CAEC5009B44A0 /* ConversationViewController.h */ = {isa = PBXFileReference; fileEncoding = 4; lastKnownFileType = sourcecode.c.h; path = ConversationViewController.h; sourceTree = "<group>"; };
		D6CFBDC21C7CAEC5009B44A0 /* ConversationViewController.m */ = {isa = PBXFileReference; fileEncoding = 4; lastKnownFileType = sourcecode.c.objc; path = ConversationViewController.m; sourceTree = "<group>"; };
		F72979082257BCF1006716A5 /* UserNotifications.framework */ = {isa = PBXFileReference; lastKnownFileType = wrapper.framework; name = UserNotifications.framework; path = System/Library/Frameworks/UserNotifications.framework; sourceTree = SDKROOT; };
/* End PBXFileReference section */

/* Begin PBXFrameworksBuildPhase section */
		D6A928FA1C6CBB2400B8355B /* Frameworks */ = {
			isa = PBXFrameworksBuildPhase;
			buildActionMask = 2147483647;
			files = (
				F72979092257BCF1006716A5 /* UserNotifications.framework in Frameworks */,
			);
			runOnlyForDeploymentPostprocessing = 0;
		};
/* End PBXFrameworksBuildPhase section */

/* Begin PBXGroup section */
		D6A928F41C6CBB2400B8355B = {
			isa = PBXGroup;
			children = (
				D6A928FF1C6CBB2400B8355B /* SampleApp */,
				D6A928FE1C6CBB2400B8355B /* Products */,
				F72979072257BCF1006716A5 /* Frameworks */,
			);
			sourceTree = "<group>";
		};
		D6A928FE1C6CBB2400B8355B /* Products */ = {
			isa = PBXGroup;
			children = (
				D6A928FD1C6CBB2400B8355B /* SampleApp.app */,
			);
			name = Products;
			sourceTree = "<group>";
		};
		D6A928FF1C6CBB2400B8355B /* SampleApp */ = {
			isa = PBXGroup;
			children = (
				D6A929031C6CBB2400B8355B /* AppDelegate.h */,
				D6A929041C6CBB2400B8355B /* AppDelegate.m */,
				D6A9290F1C6CBB2400B8355B /* Assets.xcassets */,
				D6CFBDC11C7CAEC5009B44A0 /* ConversationViewController.h */,
				D6CFBDC21C7CAEC5009B44A0 /* ConversationViewController.m */,
				D6A929141C6CBB2400B8355B /* Info.plist */,
				D6A929111C6CBB2400B8355B /* LaunchScreen.storyboard */,
				D6A929091C6CBB2400B8355B /* Main.storyboard */,
				CD8C6B5B2031D471008EB94B /* MainViewController.h */,
				CD8C6B5C2031D471008EB94B /* MainViewController.m */,
				D6A929061C6CBB2400B8355B /* MessagingViewController.h */,
				D6A929071C6CBB2400B8355B /* MessagingViewController.m */,
				CD8C6B582031D427008EB94B /* MonitoringViewController.h */,
				CD8C6B592031D427008EB94B /* MonitoringViewController.m */,
				CD81FE4C1D939274008F26CE /* SampleApp.entitlements */,
				D6A9290C1C6CBB2400B8355B /* SampleApp.xcdatamodeld */,
				D6A929001C6CBB2400B8355B /* Supporting Files */,
			);
			path = SampleApp;
			sourceTree = "<group>";
		};
		D6A929001C6CBB2400B8355B /* Supporting Files */ = {
			isa = PBXGroup;
			children = (
				D6A929011C6CBB2400B8355B /* main.m */,
			);
			name = "Supporting Files";
			sourceTree = "<group>";
		};
		F72979072257BCF1006716A5 /* Frameworks */ = {
			isa = PBXGroup;
			children = (
				F72979082257BCF1006716A5 /* UserNotifications.framework */,
			);
			name = Frameworks;
			sourceTree = "<group>";
		};
/* End PBXGroup section */

/* Begin PBXNativeTarget section */
		D6A928FC1C6CBB2400B8355B /* SampleApp */ = {
			isa = PBXNativeTarget;
			buildConfigurationList = D6A929171C6CBB2400B8355B /* Build configuration list for PBXNativeTarget "SampleApp" */;
			buildPhases = (
				D6A928F91C6CBB2400B8355B /* Sources */,
				D6A928FA1C6CBB2400B8355B /* Frameworks */,
				D6A928FB1C6CBB2400B8355B /* Resources */,
			);
			buildRules = (
			);
			dependencies = (
			);
			name = SampleApp;
			productName = SampleApp;
			productReference = D6A928FD1C6CBB2400B8355B /* SampleApp.app */;
			productType = "com.apple.product-type.application";
		};
/* End PBXNativeTarget section */

/* Begin PBXProject section */
		D6A928F51C6CBB2400B8355B /* Project object */ = {
			isa = PBXProject;
			attributes = {
				LastSwiftUpdateCheck = 0720;
				LastUpgradeCheck = 1020;
				ORGANIZATIONNAME = LivePerson;
				TargetAttributes = {
					D6A928FC1C6CBB2400B8355B = {
						CreatedOnToolsVersion = 7.2;
						DevelopmentTeam = M6C39UG9M8;
						LastSwiftMigration = 0800;
						ProvisioningStyle = Automatic;
						SystemCapabilities = {
							com.apple.BackgroundModes = {
								enabled = 1;
							};
							com.apple.Keychain = {
								enabled = 1;
							};
							com.apple.Push = {
								enabled = 1;
							};
						};
					};
				};
			};
			buildConfigurationList = D6A928F81C6CBB2400B8355B /* Build configuration list for PBXProject "SampleApp" */;
			compatibilityVersion = "Xcode 3.2";
			developmentRegion = en;
			hasScannedForEncodings = 0;
			knownRegions = (
				en,
				Base,
			);
			mainGroup = D6A928F41C6CBB2400B8355B;
			productRefGroup = D6A928FE1C6CBB2400B8355B /* Products */;
			projectDirPath = "";
			projectRoot = "";
			targets = (
				D6A928FC1C6CBB2400B8355B /* SampleApp */,
			);
		};
/* End PBXProject section */

/* Begin PBXResourcesBuildPhase section */
		D6A928FB1C6CBB2400B8355B /* Resources */ = {
			isa = PBXResourcesBuildPhase;
			buildActionMask = 2147483647;
			files = (
				D6A929131C6CBB2400B8355B /* LaunchScreen.storyboard in Resources */,
				D6A929101C6CBB2400B8355B /* Assets.xcassets in Resources */,
				D6A9290B1C6CBB2400B8355B /* Main.storyboard in Resources */,
			);
			runOnlyForDeploymentPostprocessing = 0;
		};
/* End PBXResourcesBuildPhase section */

/* Begin PBXSourcesBuildPhase section */
		D6A928F91C6CBB2400B8355B /* Sources */ = {
			isa = PBXSourcesBuildPhase;
			buildActionMask = 2147483647;
			files = (
				D6A929081C6CBB2400B8355B /* MessagingViewController.m in Sources */,
				D6A9290E1C6CBB2400B8355B /* SampleApp.xcdatamodeld in Sources */,
				CD8C6B5A2031D427008EB94B /* MonitoringViewController.m in Sources */,
				D6A929051C6CBB2400B8355B /* AppDelegate.m in Sources */,
				CD8C6B5D2031D471008EB94B /* MainViewController.m in Sources */,
				D6A929021C6CBB2400B8355B /* main.m in Sources */,
				D6CFBDC31C7CAEC5009B44A0 /* ConversationViewController.m in Sources */,
			);
			runOnlyForDeploymentPostprocessing = 0;
		};
/* End PBXSourcesBuildPhase section */

/* Begin PBXVariantGroup section */
		D6A929091C6CBB2400B8355B /* Main.storyboard */ = {
			isa = PBXVariantGroup;
			children = (
				D6A9290A1C6CBB2400B8355B /* Base */,
			);
			name = Main.storyboard;
			sourceTree = "<group>";
		};
		D6A929111C6CBB2400B8355B /* LaunchScreen.storyboard */ = {
			isa = PBXVariantGroup;
			children = (
				D6A929121C6CBB2400B8355B /* Base */,
			);
			name = LaunchScreen.storyboard;
			sourceTree = "<group>";
		};
/* End PBXVariantGroup section */

/* Begin XCBuildConfiguration section */
		D6A929151C6CBB2400B8355B /* Debug */ = {
			isa = XCBuildConfiguration;
			buildSettings = {
				ALWAYS_EMBED_SWIFT_STANDARD_LIBRARIES = YES;
				ALWAYS_SEARCH_USER_PATHS = NO;
				CLANG_ANALYZER_LOCALIZABILITY_NONLOCALIZED = YES;
				CLANG_CXX_LANGUAGE_STANDARD = "gnu++0x";
				CLANG_CXX_LIBRARY = "libc++";
				CLANG_ENABLE_MODULES = YES;
				CLANG_ENABLE_OBJC_ARC = YES;
				CLANG_WARN_BLOCK_CAPTURE_AUTORELEASING = YES;
				CLANG_WARN_BOOL_CONVERSION = YES;
				CLANG_WARN_COMMA = YES;
				CLANG_WARN_CONSTANT_CONVERSION = YES;
				CLANG_WARN_DEPRECATED_OBJC_IMPLEMENTATIONS = YES;
				CLANG_WARN_DIRECT_OBJC_ISA_USAGE = YES_ERROR;
				CLANG_WARN_EMPTY_BODY = YES;
				CLANG_WARN_ENUM_CONVERSION = YES;
				CLANG_WARN_INFINITE_RECURSION = YES;
				CLANG_WARN_INT_CONVERSION = YES;
				CLANG_WARN_NON_LITERAL_NULL_CONVERSION = YES;
				CLANG_WARN_OBJC_IMPLICIT_RETAIN_SELF = YES;
				CLANG_WARN_OBJC_LITERAL_CONVERSION = YES;
				CLANG_WARN_OBJC_ROOT_CLASS = YES_ERROR;
				CLANG_WARN_RANGE_LOOP_ANALYSIS = YES;
				CLANG_WARN_STRICT_PROTOTYPES = YES;
				CLANG_WARN_SUSPICIOUS_MOVE = YES;
				CLANG_WARN_UNREACHABLE_CODE = YES;
				CLANG_WARN__DUPLICATE_METHOD_MATCH = YES;
				"CODE_SIGN_IDENTITY[sdk=iphoneos*]" = "iPhone Developer";
				COPY_PHASE_STRIP = NO;
				DEBUG_INFORMATION_FORMAT = dwarf;
				ENABLE_STRICT_OBJC_MSGSEND = YES;
				ENABLE_TESTABILITY = YES;
				GCC_C_LANGUAGE_STANDARD = gnu99;
				GCC_DYNAMIC_NO_PIC = NO;
				GCC_NO_COMMON_BLOCKS = YES;
				GCC_OPTIMIZATION_LEVEL = 0;
				GCC_PREPROCESSOR_DEFINITIONS = (
					"DEBUG=1",
					"$(inherited)",
				);
				GCC_TREAT_WARNINGS_AS_ERRORS = NO;
				GCC_WARN_64_TO_32_BIT_CONVERSION = YES;
				GCC_WARN_ABOUT_RETURN_TYPE = YES_ERROR;
				GCC_WARN_UNDECLARED_SELECTOR = YES;
				GCC_WARN_UNINITIALIZED_AUTOS = YES_AGGRESSIVE;
				GCC_WARN_UNUSED_FUNCTION = YES;
				GCC_WARN_UNUSED_VARIABLE = YES;
				IPHONEOS_DEPLOYMENT_TARGET = 11.0;
				MTL_ENABLE_DEBUG_INFO = YES;
				ONLY_ACTIVE_ARCH = YES;
				SDKROOT = iphoneos;
				TARGETED_DEVICE_FAMILY = "1,2";
			};
			name = Debug;
		};
		D6A929161C6CBB2400B8355B /* Release */ = {
			isa = XCBuildConfiguration;
			buildSettings = {
				ALWAYS_EMBED_SWIFT_STANDARD_LIBRARIES = YES;
				ALWAYS_SEARCH_USER_PATHS = NO;
				CLANG_ANALYZER_LOCALIZABILITY_NONLOCALIZED = YES;
				CLANG_CXX_LANGUAGE_STANDARD = "gnu++0x";
				CLANG_CXX_LIBRARY = "libc++";
				CLANG_ENABLE_MODULES = YES;
				CLANG_ENABLE_OBJC_ARC = YES;
				CLANG_WARN_BLOCK_CAPTURE_AUTORELEASING = YES;
				CLANG_WARN_BOOL_CONVERSION = YES;
				CLANG_WARN_COMMA = YES;
				CLANG_WARN_CONSTANT_CONVERSION = YES;
				CLANG_WARN_DEPRECATED_OBJC_IMPLEMENTATIONS = YES;
				CLANG_WARN_DIRECT_OBJC_ISA_USAGE = YES_ERROR;
				CLANG_WARN_EMPTY_BODY = YES;
				CLANG_WARN_ENUM_CONVERSION = YES;
				CLANG_WARN_INFINITE_RECURSION = YES;
				CLANG_WARN_INT_CONVERSION = YES;
				CLANG_WARN_NON_LITERAL_NULL_CONVERSION = YES;
				CLANG_WARN_OBJC_IMPLICIT_RETAIN_SELF = YES;
				CLANG_WARN_OBJC_LITERAL_CONVERSION = YES;
				CLANG_WARN_OBJC_ROOT_CLASS = YES_ERROR;
				CLANG_WARN_RANGE_LOOP_ANALYSIS = YES;
				CLANG_WARN_STRICT_PROTOTYPES = YES;
				CLANG_WARN_SUSPICIOUS_MOVE = YES;
				CLANG_WARN_UNREACHABLE_CODE = YES;
				CLANG_WARN__DUPLICATE_METHOD_MATCH = YES;
				"CODE_SIGN_IDENTITY[sdk=iphoneos*]" = "iPhone Developer";
				COPY_PHASE_STRIP = NO;
				DEBUG_INFORMATION_FORMAT = "dwarf-with-dsym";
				ENABLE_NS_ASSERTIONS = NO;
				ENABLE_STRICT_OBJC_MSGSEND = YES;
				GCC_C_LANGUAGE_STANDARD = gnu99;
				GCC_NO_COMMON_BLOCKS = YES;
				GCC_TREAT_WARNINGS_AS_ERRORS = NO;
				GCC_WARN_64_TO_32_BIT_CONVERSION = YES;
				GCC_WARN_ABOUT_RETURN_TYPE = YES_ERROR;
				GCC_WARN_UNDECLARED_SELECTOR = YES;
				GCC_WARN_UNINITIALIZED_AUTOS = YES_AGGRESSIVE;
				GCC_WARN_UNUSED_FUNCTION = YES;
				GCC_WARN_UNUSED_VARIABLE = YES;
				IPHONEOS_DEPLOYMENT_TARGET = 11.0;
				MTL_ENABLE_DEBUG_INFO = NO;
				SDKROOT = iphoneos;
				SWIFT_OPTIMIZATION_LEVEL = "-Owholemodule";
				TARGETED_DEVICE_FAMILY = "1,2";
				VALIDATE_PRODUCT = YES;
			};
			name = Release;
		};
		D6A929181C6CBB2400B8355B /* Debug */ = {
			isa = XCBuildConfiguration;
			buildSettings = {
				ASSETCATALOG_COMPILER_APPICON_NAME = AppIcon;
				CODE_SIGN_ENTITLEMENTS = SampleApp/SampleApp.entitlements;
				"CODE_SIGN_IDENTITY[sdk=iphoneos*]" = "iPhone Developer";
				CURRENT_PROJECT_VERSION = 36;
				DEVELOPMENT_TEAM = M6C39UG9M8;
				FRAMEWORK_SEARCH_PATHS = (
					"$(inherited)",
					"$(PROJECT_DIR)",
					"$(PROJECT_DIR)/SampleApp",
				);
				GCC_TREAT_WARNINGS_AS_ERRORS = NO;
				INFOPLIST_FILE = SampleApp/Info.plist;
				IPHONEOS_DEPLOYMENT_TARGET = 11.0;
				LD_RUNPATH_SEARCH_PATHS = "$(inherited) @executable_path/Frameworks";
				MARKETING_VERSION = 5.2.0;
				PRODUCT_BUNDLE_IDENTIFIER = LivePerson.com.SampleApp;
				PRODUCT_NAME = "$(TARGET_NAME)";
				SWIFT_VERSION = 5.0;
				VALID_ARCHS = "$(ARCHS_STANDARD)";
			};
			name = Debug;
		};
		D6A929191C6CBB2400B8355B /* Release */ = {
			isa = XCBuildConfiguration;
			buildSettings = {
				ASSETCATALOG_COMPILER_APPICON_NAME = AppIcon;
				CODE_SIGN_ENTITLEMENTS = SampleApp/SampleApp.entitlements;
				"CODE_SIGN_IDENTITY[sdk=iphoneos*]" = "iPhone Developer";
				CURRENT_PROJECT_VERSION = 36;
				DEVELOPMENT_TEAM = M6C39UG9M8;
				FRAMEWORK_SEARCH_PATHS = (
					"$(inherited)",
					"$(PROJECT_DIR)",
					"$(PROJECT_DIR)/SampleApp",
				);
				GCC_TREAT_WARNINGS_AS_ERRORS = NO;
				INFOPLIST_FILE = SampleApp/Info.plist;
				IPHONEOS_DEPLOYMENT_TARGET = 11.0;
				LD_RUNPATH_SEARCH_PATHS = "$(inherited) @executable_path/Frameworks";
				MARKETING_VERSION = 5.2.0;
				PRODUCT_BUNDLE_IDENTIFIER = LivePerson.com.SampleApp;
				PRODUCT_NAME = "$(TARGET_NAME)";
				SWIFT_VERSION = 5.0;
				VALID_ARCHS = "$(ARCHS_STANDARD)";
			};
			name = Release;
		};
/* End XCBuildConfiguration section */

/* Begin XCConfigurationList section */
		D6A928F81C6CBB2400B8355B /* Build configuration list for PBXProject "SampleApp" */ = {
			isa = XCConfigurationList;
			buildConfigurations = (
				D6A929151C6CBB2400B8355B /* Debug */,
				D6A929161C6CBB2400B8355B /* Release */,
			);
			defaultConfigurationIsVisible = 0;
			defaultConfigurationName = Release;
		};
		D6A929171C6CBB2400B8355B /* Build configuration list for PBXNativeTarget "SampleApp" */ = {
			isa = XCConfigurationList;
			buildConfigurations = (
				D6A929181C6CBB2400B8355B /* Debug */,
				D6A929191C6CBB2400B8355B /* Release */,
			);
			defaultConfigurationIsVisible = 0;
			defaultConfigurationName = Release;
		};
/* End XCConfigurationList section */

/* Begin XCVersionGroup section */
		D6A9290C1C6CBB2400B8355B /* SampleApp.xcdatamodeld */ = {
			isa = XCVersionGroup;
			children = (
				D6A9290D1C6CBB2400B8355B /* SampleApp.xcdatamodel */,
			);
			currentVersion = D6A9290D1C6CBB2400B8355B /* SampleApp.xcdatamodel */;
			path = SampleApp.xcdatamodeld;
			sourceTree = "<group>";
			versionGroupType = wrapper.xcdatamodel;
		};
/* End XCVersionGroup section */
	};
	rootObject = D6A928F51C6CBB2400B8355B /* Project object */;
}
