// !$*UTF8*$!
{
	archiveVersion = 1;
	classes = {
	};
	objectVersion = 46;
	objects = {

/* Begin PBXBuildFile section */
		CD8C6B2A2031B6E8008EB94B /* MainViewController.swift in Sources */ = {isa = PBXBuildFile; fileRef = CD8C6B292031B6E8008EB94B /* MainViewController.swift */; };
		CD8C6B2C2031B811008EB94B /* MonitoringViewController.swift in Sources */ = {isa = PBXBuildFile; fileRef = CD8C6B2B2031B811008EB94B /* MonitoringViewController.swift */; };
		D62EC5AC1C7C427B0001C0D4 /* AppDelegate.swift in Sources */ = {isa = PBXBuildFile; fileRef = D62EC5AB1C7C427B0001C0D4 /* AppDelegate.swift */; };
		D62EC5AE1C7C427B0001C0D4 /* MessagingViewController.swift in Sources */ = {isa = PBXBuildFile; fileRef = D62EC5AD1C7C427B0001C0D4 /* MessagingViewController.swift */; };
		D62EC5B11C7C427B0001C0D4 /* Main.storyboard in Resources */ = {isa = PBXBuildFile; fileRef = D62EC5AF1C7C427B0001C0D4 /* Main.storyboard */; };
		D62EC5B41C7C427B0001C0D4 /* SampleApp_Swift.xcdatamodeld in Sources */ = {isa = PBXBuildFile; fileRef = D62EC5B21C7C427B0001C0D4 /* SampleApp_Swift.xcdatamodeld */; };
		D62EC5B61C7C427B0001C0D4 /* Assets.xcassets in Resources */ = {isa = PBXBuildFile; fileRef = D62EC5B51C7C427B0001C0D4 /* Assets.xcassets */; };
		D62EC5B91C7C427B0001C0D4 /* LaunchScreen.storyboard in Resources */ = {isa = PBXBuildFile; fileRef = D62EC5B71C7C427B0001C0D4 /* LaunchScreen.storyboard */; };
		D62EC5D01C7C469D0001C0D4 /* ConversationViewController.swift in Sources */ = {isa = PBXBuildFile; fileRef = D62EC5CF1C7C469D0001C0D4 /* ConversationViewController.swift */; };
/* End PBXBuildFile section */

/* Begin PBXCopyFilesBuildPhase section */
		CD0BC43C20BD615400BCA4AD /* Embed Frameworks */ = {
			isa = PBXCopyFilesBuildPhase;
			buildActionMask = 2147483647;
			dstPath = "";
			dstSubfolderSpec = 10;
			files = (
			);
			name = "Embed Frameworks";
			runOnlyForDeploymentPostprocessing = 0;
		};
/* End PBXCopyFilesBuildPhase section */

/* Begin PBXFileReference section */
		CD3B9B371D97EA45008FF2BE /* SampleApp-Swift.entitlements */ = {isa = PBXFileReference; lastKnownFileType = text.plist.entitlements; path = "SampleApp-Swift.entitlements"; sourceTree = "<group>"; };
		CD8C6B292031B6E8008EB94B /* MainViewController.swift */ = {isa = PBXFileReference; lastKnownFileType = sourcecode.swift; path = MainViewController.swift; sourceTree = "<group>"; };
		CD8C6B2B2031B811008EB94B /* MonitoringViewController.swift */ = {isa = PBXFileReference; lastKnownFileType = sourcecode.swift; path = MonitoringViewController.swift; sourceTree = "<group>"; };
		D62EC5A81C7C427B0001C0D4 /* SampleApp.app */ = {isa = PBXFileReference; explicitFileType = wrapper.application; includeInIndex = 0; path = SampleApp.app; sourceTree = BUILT_PRODUCTS_DIR; };
		D62EC5AB1C7C427B0001C0D4 /* AppDelegate.swift */ = {isa = PBXFileReference; lastKnownFileType = sourcecode.swift; path = AppDelegate.swift; sourceTree = "<group>"; };
		D62EC5AD1C7C427B0001C0D4 /* MessagingViewController.swift */ = {isa = PBXFileReference; lastKnownFileType = sourcecode.swift; path = MessagingViewController.swift; sourceTree = "<group>"; };
		D62EC5B01C7C427B0001C0D4 /* Base */ = {isa = PBXFileReference; lastKnownFileType = file.storyboard; name = Base; path = Base.lproj/Main.storyboard; sourceTree = "<group>"; };
		D62EC5B31C7C427B0001C0D4 /* SampleApp_Swift.xcdatamodel */ = {isa = PBXFileReference; lastKnownFileType = wrapper.xcdatamodel; path = SampleApp_Swift.xcdatamodel; sourceTree = "<group>"; };
		D62EC5B51C7C427B0001C0D4 /* Assets.xcassets */ = {isa = PBXFileReference; lastKnownFileType = folder.assetcatalog; path = Assets.xcassets; sourceTree = "<group>"; };
		D62EC5B81C7C427B0001C0D4 /* Base */ = {isa = PBXFileReference; lastKnownFileType = file.storyboard; name = Base; path = Base.lproj/LaunchScreen.storyboard; sourceTree = "<group>"; };
		D62EC5BA1C7C427B0001C0D4 /* Info.plist */ = {isa = PBXFileReference; lastKnownFileType = text.plist.xml; path = Info.plist; sourceTree = "<group>"; };
		D62EC5CF1C7C469D0001C0D4 /* ConversationViewController.swift */ = {isa = PBXFileReference; fileEncoding = 4; lastKnownFileType = sourcecode.swift; path = ConversationViewController.swift; sourceTree = "<group>"; };
/* End PBXFileReference section */

/* Begin PBXFrameworksBuildPhase section */
		D62EC5A51C7C427B0001C0D4 /* Frameworks */ = {
			isa = PBXFrameworksBuildPhase;
			buildActionMask = 2147483647;
			files = (
			);
			runOnlyForDeploymentPostprocessing = 0;
		};
/* End PBXFrameworksBuildPhase section */

/* Begin PBXGroup section */
		D62EC59F1C7C427B0001C0D4 = {
			isa = PBXGroup;
			children = (
				D62EC5AA1C7C427B0001C0D4 /* SampleApp-Swift */,
				D62EC5A91C7C427B0001C0D4 /* Products */,
			);
			sourceTree = "<group>";
		};
		D62EC5A91C7C427B0001C0D4 /* Products */ = {
			isa = PBXGroup;
			children = (
				D62EC5A81C7C427B0001C0D4 /* SampleApp.app */,
			);
			name = Products;
			sourceTree = "<group>";
		};
		D62EC5AA1C7C427B0001C0D4 /* SampleApp-Swift */ = {
			isa = PBXGroup;
			children = (
				CD3B9B371D97EA45008FF2BE /* SampleApp-Swift.entitlements */,
				D62EC5AB1C7C427B0001C0D4 /* AppDelegate.swift */,
				CD8C6B292031B6E8008EB94B /* MainViewController.swift */,
				D62EC5AD1C7C427B0001C0D4 /* MessagingViewController.swift */,
				CD8C6B2B2031B811008EB94B /* MonitoringViewController.swift */,
				D62EC5CF1C7C469D0001C0D4 /* ConversationViewController.swift */,
				D62EC5AF1C7C427B0001C0D4 /* Main.storyboard */,
				D62EC5B51C7C427B0001C0D4 /* Assets.xcassets */,
				D62EC5B71C7C427B0001C0D4 /* LaunchScreen.storyboard */,
				D62EC5BA1C7C427B0001C0D4 /* Info.plist */,
				D62EC5B21C7C427B0001C0D4 /* SampleApp_Swift.xcdatamodeld */,
			);
			path = "SampleApp-Swift";
			sourceTree = "<group>";
		};
/* End PBXGroup section */

/* Begin PBXNativeTarget section */
		D62EC5A71C7C427B0001C0D4 /* SampleApp */ = {
			isa = PBXNativeTarget;
			buildConfigurationList = D62EC5BD1C7C427B0001C0D4 /* Build configuration list for PBXNativeTarget "SampleApp" */;
			buildPhases = (
				80F2EFB1798D79B5D5BA4066 /* [CP] Check Pods Manifest.lock */,
				D62EC5A41C7C427B0001C0D4 /* Sources */,
				D62EC5A51C7C427B0001C0D4 /* Frameworks */,
				D62EC5A61C7C427B0001C0D4 /* Resources */,
				CD0BC43C20BD615400BCA4AD /* Embed Frameworks */,
				D459DA275B95FD78560EF134 /* [CP] Embed Pods Frameworks */,
				566169B5E504B8E8A0BA894A /* [CP] Copy Pods Resources */,
			);
			buildRules = (
			);
			dependencies = (
			);
			name = SampleApp;
			productName = "SampleApp-Swift";
			productReference = D62EC5A81C7C427B0001C0D4 /* SampleApp.app */;
			productType = "com.apple.product-type.application";
		};
/* End PBXNativeTarget section */

/* Begin PBXProject section */
		D62EC5A01C7C427B0001C0D4 /* Project object */ = {
			isa = PBXProject;
			attributes = {
				LastSwiftUpdateCheck = 0720;
				LastUpgradeCheck = 0930;
				ORGANIZATIONNAME = LivePerson;
				TargetAttributes = {
					D62EC5A71C7C427B0001C0D4 = {
						CreatedOnToolsVersion = 7.2;
						DevelopmentTeam = M6C39UG9M8;
						LastSwiftMigration = 0920;
						ProvisioningStyle = Automatic;
						SystemCapabilities = {
							com.apple.BackgroundModes = {
								enabled = 1;
							};
							com.apple.Keychain = {
								enabled = 1;
							};
						};
					};
				};
			};
			buildConfigurationList = D62EC5A31C7C427B0001C0D4 /* Build configuration list for PBXProject "SampleApp" */;
			compatibilityVersion = "Xcode 3.2";
			developmentRegion = English;
			hasScannedForEncodings = 0;
			knownRegions = (
				en,
				Base,
			);
			mainGroup = D62EC59F1C7C427B0001C0D4;
			productRefGroup = D62EC5A91C7C427B0001C0D4 /* Products */;
			projectDirPath = "";
			projectRoot = "";
			targets = (
				D62EC5A71C7C427B0001C0D4 /* SampleApp */,
			);
		};
/* End PBXProject section */

/* Begin PBXResourcesBuildPhase section */
		D62EC5A61C7C427B0001C0D4 /* Resources */ = {
			isa = PBXResourcesBuildPhase;
			buildActionMask = 2147483647;
			files = (
				D62EC5B91C7C427B0001C0D4 /* LaunchScreen.storyboard in Resources */,
				D62EC5B61C7C427B0001C0D4 /* Assets.xcassets in Resources */,
				D62EC5B11C7C427B0001C0D4 /* Main.storyboard in Resources */,
			);
			runOnlyForDeploymentPostprocessing = 0;
		};
/* End PBXResourcesBuildPhase section */

/* Begin PBXShellScriptBuildPhase section */
		566169B5E504B8E8A0BA894A /* [CP] Copy Pods Resources */ = {
			isa = PBXShellScriptBuildPhase;
			buildActionMask = 2147483647;
			files = (
			);
			inputPaths = (
				"${SRCROOT}/Pods/Target Support Files/Pods-SampleApp-Swift/Pods-SampleApp-Swift-resources.sh",
				"${PODS_ROOT}/LPInfra/LPMessagingSDKModels.bundle",
			);
			name = "[CP] Copy Pods Resources";
			outputPaths = (
				"${TARGET_BUILD_DIR}/${UNLOCALIZED_RESOURCES_FOLDER_PATH}/LPMessagingSDKModels.bundle",
			);
			runOnlyForDeploymentPostprocessing = 0;
			shellPath = /bin/sh;
			shellScript = "\"${SRCROOT}/Pods/Target Support Files/Pods-SampleApp-Swift/Pods-SampleApp-Swift-resources.sh\"\n";
			showEnvVarsInLog = 0;
		};
		80F2EFB1798D79B5D5BA4066 /* [CP] Check Pods Manifest.lock */ = {
			isa = PBXShellScriptBuildPhase;
			buildActionMask = 2147483647;
			files = (
			);
			inputPaths = (
				"${PODS_PODFILE_DIR_PATH}/Podfile.lock",
				"${PODS_ROOT}/Manifest.lock",
			);
			name = "[CP] Check Pods Manifest.lock";
			outputPaths = (
				"$(DERIVED_FILE_DIR)/Pods-SampleApp-Swift-checkManifestLockResult.txt",
			);
			runOnlyForDeploymentPostprocessing = 0;
			shellPath = /bin/sh;
			shellScript = "diff \"${PODS_PODFILE_DIR_PATH}/Podfile.lock\" \"${PODS_ROOT}/Manifest.lock\" > /dev/null\nif [ $? != 0 ] ; then\n    # print error to STDERR\n    echo \"error: The sandbox is not in sync with the Podfile.lock. Run 'pod install' or update your CocoaPods installation.\" >&2\n    exit 1\nfi\n# This output is used by Xcode 'outputs' to avoid re-running this script phase.\necho \"SUCCESS\" > \"${SCRIPT_OUTPUT_FILE_0}\"\n";
			showEnvVarsInLog = 0;
		};
		D459DA275B95FD78560EF134 /* [CP] Embed Pods Frameworks */ = {
			isa = PBXShellScriptBuildPhase;
			buildActionMask = 2147483647;
			files = (
			);
			inputPaths = (
				"${SRCROOT}/Pods/Target Support Files/Pods-SampleApp-Swift/Pods-SampleApp-Swift-frameworks.sh",
				"${PODS_ROOT}/LPAMS/LPAMS.framework",
				"${PODS_ROOT}/LPInfra/LPInfra.framework",
				"${PODS_ROOT}/LPMessagingSDK/LPMessagingSDK.framework",
				"${PODS_ROOT}/LPMonitoring/LPMonitoring.framework",
			);
			name = "[CP] Embed Pods Frameworks";
			outputPaths = (
				"${TARGET_BUILD_DIR}/${FRAMEWORKS_FOLDER_PATH}/LPAMS.framework",
				"${TARGET_BUILD_DIR}/${FRAMEWORKS_FOLDER_PATH}/LPInfra.framework",
				"${TARGET_BUILD_DIR}/${FRAMEWORKS_FOLDER_PATH}/LPMessagingSDK.framework",
				"${TARGET_BUILD_DIR}/${FRAMEWORKS_FOLDER_PATH}/LPMonitoring.framework",
			);
			runOnlyForDeploymentPostprocessing = 0;
			shellPath = /bin/sh;
			shellScript = "\"${SRCROOT}/Pods/Target Support Files/Pods-SampleApp-Swift/Pods-SampleApp-Swift-frameworks.sh\"\n";
			showEnvVarsInLog = 0;
		};
/* End PBXShellScriptBuildPhase section */

/* Begin PBXSourcesBuildPhase section */
		D62EC5A41C7C427B0001C0D4 /* Sources */ = {
			isa = PBXSourcesBuildPhase;
			buildActionMask = 2147483647;
			files = (
				D62EC5B41C7C427B0001C0D4 /* SampleApp_Swift.xcdatamodeld in Sources */,
				D62EC5AE1C7C427B0001C0D4 /* MessagingViewController.swift in Sources */,
				CD8C6B2C2031B811008EB94B /* MonitoringViewController.swift in Sources */,
				D62EC5D01C7C469D0001C0D4 /* ConversationViewController.swift in Sources */,
				D62EC5AC1C7C427B0001C0D4 /* AppDelegate.swift in Sources */,
				CD8C6B2A2031B6E8008EB94B /* MainViewController.swift in Sources */,
			);
			runOnlyForDeploymentPostprocessing = 0;
		};
/* End PBXSourcesBuildPhase section */

/* Begin PBXVariantGroup section */
		D62EC5AF1C7C427B0001C0D4 /* Main.storyboard */ = {
			isa = PBXVariantGroup;
			children = (
				D62EC5B01C7C427B0001C0D4 /* Base */,
			);
			name = Main.storyboard;
			sourceTree = "<group>";
		};
		D62EC5B71C7C427B0001C0D4 /* LaunchScreen.storyboard */ = {
			isa = PBXVariantGroup;
			children = (
				D62EC5B81C7C427B0001C0D4 /* Base */,
			);
			name = LaunchScreen.storyboard;
			sourceTree = "<group>";
		};
/* End PBXVariantGroup section */

/* Begin XCBuildConfiguration section */
		D62EC5BB1C7C427B0001C0D4 /* Debug */ = {
			isa = XCBuildConfiguration;
			buildSettings = {
				ALWAYS_SEARCH_USER_PATHS = NO;
				CLANG_CXX_LANGUAGE_STANDARD = "gnu++0x";
				CLANG_CXX_LIBRARY = "libc++";
				CLANG_ENABLE_MODULES = YES;
				CLANG_ENABLE_OBJC_ARC = YES;
				CLANG_WARN_BLOCK_CAPTURE_AUTORELEASING = YES;
				CLANG_WARN_BOOL_CONVERSION = YES;
				CLANG_WARN_COMMA = YES;
				CLANG_WARN_CONSTANT_CONVERSION = YES;
				CLANG_WARN_DEPRECATED_OBJC_IMPLEMENTATIONS = YES;
				CLANG_WARN_DIRECT_OBJC_ISA_USAGE = YES_ERROR;
				CLANG_WARN_EMPTY_BODY = YES;
				CLANG_WARN_ENUM_CONVERSION = YES;
				CLANG_WARN_INFINITE_RECURSION = YES;
				CLANG_WARN_INT_CONVERSION = YES;
				CLANG_WARN_NON_LITERAL_NULL_CONVERSION = YES;
				CLANG_WARN_OBJC_IMPLICIT_RETAIN_SELF = YES;
				CLANG_WARN_OBJC_LITERAL_CONVERSION = YES;
				CLANG_WARN_OBJC_ROOT_CLASS = YES_ERROR;
				CLANG_WARN_RANGE_LOOP_ANALYSIS = YES;
				CLANG_WARN_STRICT_PROTOTYPES = YES;
				CLANG_WARN_SUSPICIOUS_MOVE = YES;
				CLANG_WARN_UNREACHABLE_CODE = YES;
				CLANG_WARN__DUPLICATE_METHOD_MATCH = YES;
				CODE_SIGN_IDENTITY = "iPhone Developer";
				"CODE_SIGN_IDENTITY[sdk=iphoneos*]" = "iPhone Developer";
				COPY_PHASE_STRIP = NO;
				DEBUG_INFORMATION_FORMAT = dwarf;
				ENABLE_STRICT_OBJC_MSGSEND = YES;
				ENABLE_TESTABILITY = YES;
				GCC_C_LANGUAGE_STANDARD = gnu99;
				GCC_DYNAMIC_NO_PIC = NO;
				GCC_NO_COMMON_BLOCKS = YES;
				GCC_OPTIMIZATION_LEVEL = 0;
				GCC_PREPROCESSOR_DEFINITIONS = (
					"DEBUG=1",
					"$(inherited)",
				);
				GCC_TREAT_WARNINGS_AS_ERRORS = NO;
				GCC_WARN_64_TO_32_BIT_CONVERSION = YES;
				GCC_WARN_ABOUT_RETURN_TYPE = YES_ERROR;
				GCC_WARN_UNDECLARED_SELECTOR = YES;
				GCC_WARN_UNINITIALIZED_AUTOS = YES_AGGRESSIVE;
				GCC_WARN_UNUSED_FUNCTION = YES;
				GCC_WARN_UNUSED_VARIABLE = YES;
				IPHONEOS_DEPLOYMENT_TARGET = 9.2;
				MTL_ENABLE_DEBUG_INFO = YES;
				ONLY_ACTIVE_ARCH = YES;
				SDKROOT = iphoneos;
				SWIFT_OPTIMIZATION_LEVEL = "-Onone";
				SWIFT_VERSION = 4.0;
				TARGETED_DEVICE_FAMILY = "1,2";
			};
			name = Debug;
		};
		D62EC5BC1C7C427B0001C0D4 /* Release */ = {
			isa = XCBuildConfiguration;
			buildSettings = {
				ALWAYS_SEARCH_USER_PATHS = NO;
				CLANG_CXX_LANGUAGE_STANDARD = "gnu++0x";
				CLANG_CXX_LIBRARY = "libc++";
				CLANG_ENABLE_MODULES = YES;
				CLANG_ENABLE_OBJC_ARC = YES;
				CLANG_WARN_BLOCK_CAPTURE_AUTORELEASING = YES;
				CLANG_WARN_BOOL_CONVERSION = YES;
				CLANG_WARN_COMMA = YES;
				CLANG_WARN_CONSTANT_CONVERSION = YES;
				CLANG_WARN_DEPRECATED_OBJC_IMPLEMENTATIONS = YES;
				CLANG_WARN_DIRECT_OBJC_ISA_USAGE = YES_ERROR;
				CLANG_WARN_EMPTY_BODY = YES;
				CLANG_WARN_ENUM_CONVERSION = YES;
				CLANG_WARN_INFINITE_RECURSION = YES;
				CLANG_WARN_INT_CONVERSION = YES;
				CLANG_WARN_NON_LITERAL_NULL_CONVERSION = YES;
				CLANG_WARN_OBJC_IMPLICIT_RETAIN_SELF = YES;
				CLANG_WARN_OBJC_LITERAL_CONVERSION = YES;
				CLANG_WARN_OBJC_ROOT_CLASS = YES_ERROR;
				CLANG_WARN_RANGE_LOOP_ANALYSIS = YES;
				CLANG_WARN_STRICT_PROTOTYPES = YES;
				CLANG_WARN_SUSPICIOUS_MOVE = YES;
				CLANG_WARN_UNREACHABLE_CODE = YES;
				CLANG_WARN__DUPLICATE_METHOD_MATCH = YES;
				CODE_SIGN_IDENTITY = "iPhone Distribution";
				"CODE_SIGN_IDENTITY[sdk=iphoneos*]" = "iPhone Developer";
				COPY_PHASE_STRIP = NO;
				DEBUG_INFORMATION_FORMAT = "dwarf-with-dsym";
				ENABLE_NS_ASSERTIONS = NO;
				ENABLE_STRICT_OBJC_MSGSEND = YES;
				GCC_C_LANGUAGE_STANDARD = gnu99;
				GCC_NO_COMMON_BLOCKS = YES;
				GCC_TREAT_WARNINGS_AS_ERRORS = NO;
				GCC_WARN_64_TO_32_BIT_CONVERSION = YES;
				GCC_WARN_ABOUT_RETURN_TYPE = YES_ERROR;
				GCC_WARN_UNDECLARED_SELECTOR = YES;
				GCC_WARN_UNINITIALIZED_AUTOS = YES_AGGRESSIVE;
				GCC_WARN_UNUSED_FUNCTION = YES;
				GCC_WARN_UNUSED_VARIABLE = YES;
				IPHONEOS_DEPLOYMENT_TARGET = 9.2;
				MTL_ENABLE_DEBUG_INFO = NO;
				SDKROOT = iphoneos;
				SWIFT_OPTIMIZATION_LEVEL = "-Owholemodule";
				SWIFT_VERSION = 4.0;
				TARGETED_DEVICE_FAMILY = "1,2";
				VALIDATE_PRODUCT = YES;
			};
			name = Release;
		};
		D62EC5BE1C7C427B0001C0D4 /* Debug */ = {
			isa = XCBuildConfiguration;
			buildSettings = {
				ASSETCATALOG_COMPILER_APPICON_NAME = AppIcon;
				ASSETCATALOG_COMPILER_LAUNCHIMAGE_NAME = LaunchImage;
				CODE_SIGN_ENTITLEMENTS = "SampleApp-Swift/SampleApp-Swift.entitlements";
				"CODE_SIGN_IDENTITY[sdk=iphoneos*]" = "iPhone Developer";
				DEVELOPMENT_TEAM = M6C39UG9M8;
				FRAMEWORK_SEARCH_PATHS = (
					"$(inherited)",
					"$(PROJECT_DIR)",
					"$(PROJECT_DIR)/SampleApp-Swift",
				);
				GCC_TREAT_WARNINGS_AS_ERRORS = NO;
				INFOPLIST_FILE = "SampleApp-Swift/Info.plist";
				LD_RUNPATH_SEARCH_PATHS = "$(inherited) @executable_path/Frameworks";
				PRODUCT_BUNDLE_IDENTIFIER = LivePerson.com.SampleApp;
				PRODUCT_NAME = "$(TARGET_NAME)";
				PROVISIONING_PROFILE = "";
				SWIFT_VERSION = 4.0;
			};
			name = Debug;
		};
		D62EC5BF1C7C427B0001C0D4 /* Release */ = {
			isa = XCBuildConfiguration;
			buildSettings = {
				ASSETCATALOG_COMPILER_APPICON_NAME = AppIcon;
				ASSETCATALOG_COMPILER_LAUNCHIMAGE_NAME = LaunchImage;
				CODE_SIGN_ENTITLEMENTS = "SampleApp-Swift/SampleApp-Swift.entitlements";
				CODE_SIGN_IDENTITY = "iPhone Distribution";
				"CODE_SIGN_IDENTITY[sdk=iphoneos*]" = "iPhone Developer";
				DEVELOPMENT_TEAM = M6C39UG9M8;
				FRAMEWORK_SEARCH_PATHS = (
					"$(inherited)",
					"$(PROJECT_DIR)",
					"$(PROJECT_DIR)/SampleApp-Swift",
				);
				GCC_TREAT_WARNINGS_AS_ERRORS = NO;
				INFOPLIST_FILE = "SampleApp-Swift/Info.plist";
				LD_RUNPATH_SEARCH_PATHS = "$(inherited) @executable_path/Frameworks";
				PRODUCT_BUNDLE_IDENTIFIER = LivePerson.com.SampleApp;
				PRODUCT_NAME = "$(TARGET_NAME)";
				PROVISIONING_PROFILE = "";
				SWIFT_VERSION = 4.0;
			};
			name = Release;
		};
/* End XCBuildConfiguration section */

/* Begin XCConfigurationList section */
		D62EC5A31C7C427B0001C0D4 /* Build configuration list for PBXProject "SampleApp" */ = {
			isa = XCConfigurationList;
			buildConfigurations = (
				D62EC5BB1C7C427B0001C0D4 /* Debug */,
				D62EC5BC1C7C427B0001C0D4 /* Release */,
			);
			defaultConfigurationIsVisible = 0;
			defaultConfigurationName = Release;
		};
		D62EC5BD1C7C427B0001C0D4 /* Build configuration list for PBXNativeTarget "SampleApp" */ = {
			isa = XCConfigurationList;
			buildConfigurations = (
				D62EC5BE1C7C427B0001C0D4 /* Debug */,
				D62EC5BF1C7C427B0001C0D4 /* Release */,
			);
			defaultConfigurationIsVisible = 0;
			defaultConfigurationName = Release;
		};
/* End XCConfigurationList section */

/* Begin XCVersionGroup section */
		D62EC5B21C7C427B0001C0D4 /* SampleApp_Swift.xcdatamodeld */ = {
			isa = XCVersionGroup;
			children = (
				D62EC5B31C7C427B0001C0D4 /* SampleApp_Swift.xcdatamodel */,
			);
			currentVersion = D62EC5B31C7C427B0001C0D4 /* SampleApp_Swift.xcdatamodel */;
			path = SampleApp_Swift.xcdatamodeld;
			sourceTree = "<group>";
			versionGroupType = wrapper.xcdatamodel;
		};
/* End XCVersionGroup section */
	};
	rootObject = D62EC5A01C7C427B0001C0D4 /* Project object */;
}
